
Microsoft Visual Studio Solution File, Format Version 12.00
# Visual Studio Version 16
VisualStudioVersion = 16.0.30320.27
MinimumVisualStudioVersion = 10.0.40219.1
Project("{FAE04EC0-301F-11D3-BF4B-00C04F79EFBC}") = "colegio2020media", "colegio2020media.csproj", "{D4224457-6B3F-49CA-9AE2-5873EFA8582B}"
EndProject
Global
	GlobalSection(SolutionConfigurationPlatforms) = preSolution
		Debug|Any CPU = Debug|Any CPU
		Release|Any CPU = Release|Any CPU
	EndGlobalSection
	GlobalSection(ProjectConfigurationPlatforms) = postSolution
		{D4224457-6B3F-49CA-9AE2-5873EFA8582B}.Debug|Any CPU.ActiveCfg = Debug|Any CPU
		{D4224457-6B3F-49CA-9AE2-5873EFA8582B}.Debug|Any CPU.Build.0 = Debug|Any CPU
		{D4224457-6B3F-49CA-9AE2-5873EFA8582B}.Release|Any CPU.ActiveCfg = Release|Any CPU
		{D4224457-6B3F-49CA-9AE2-5873EFA8582B}.Release|Any CPU.Build.0 = Release|Any CPU
	EndGlobalSection
	GlobalSection(SolutionProperties) = preSolution
		HideSolutionNode = FALSE
	EndGlobalSection
	GlobalSection(ExtensibilityGlobals) = postSolution
		SolutionGuid = {F466B7B6-C2F2-4CBA-B27F-6B0BEE4CA416}
	EndGlobalSection
EndGlobal
